
Microsoft Visual Studio Solution File, Format Version 12.00
# Visual Studio Version 16
VisualStudioVersion = 16.0.31729.503
MinimumVisualStudioVersion = 10.0.40219.1
Project("{FAE04EC0-301F-11D3-BF4B-00C04F79EFBC}") = "Componentes", "Componentes.csproj", "{15E43927-2071-45B2-A3FC-B41EBB1E2048}"
EndProject
Global
	GlobalSection(SolutionConfigurationPlatforms) = preSolution
		Debug|Any CPU = Debug|Any CPU
		Release|Any CPU = Release|Any CPU
	EndGlobalSection
	GlobalSection(ProjectConfigurationPlatforms) = postSolution
		{15E43927-2071-45B2-A3FC-B41EBB1E2048}.Debug|Any CPU.ActiveCfg = Debug|Any CPU
		{15E43927-2071-45B2-A3FC-B41EBB1E2048}.Debug|Any CPU.Build.0 = Debug|Any CPU
		{15E43927-2071-45B2-A3FC-B41EBB1E2048}.Release|Any CPU.ActiveCfg = Release|Any CPU
		{15E43927-2071-45B2-A3FC-B41EBB1E2048}.Release|Any CPU.Build.0 = Release|Any CPU
	EndGlobalSection
	GlobalSection(SolutionProperties) = preSolution
		HideSolutionNode = FALSE
	EndGlobalSection
	GlobalSection(ExtensibilityGlobals) = postSolution
		SolutionGuid = {5A3A3529-1C45-4FEA-A4E4-D0D408F2328E}
	EndGlobalSection
EndGlobal
